
Microsoft Visual Studio Solution File, Format Version 12.00
# Visual Studio Version 17
VisualStudioVersion = 17.3.32929.385
MinimumVisualStudioVersion = 10.0.40219.1
Project("{FAE04EC0-301F-11D3-BF4B-00C04F79EFBC}") = "RoutingServer", "RoutingServerBis\RoutingServer.csproj", "{84AA84EF-6FF5-4266-BA7B-3F21C16B5A5B}"
EndProject
Project("{FAE04EC0-301F-11D3-BF4B-00C04F79EFBC}") = "TestProject", "TestProject\TestProject.csproj", "{1ACD447C-9007-4267-B8C7-1E5287A390C1}"
EndProject
Project("{FAE04EC0-301F-11D3-BF4B-00C04F79EFBC}") = "ProxyCache", "ProxyCache\ProxyCache.csproj", "{B2D9B431-FD4F-4F06-890A-475F3243F5FF}"
EndProject
Global
	GlobalSection(SolutionConfigurationPlatforms) = preSolution
		Debug|Any CPU = Debug|Any CPU
		Release|Any CPU = Release|Any CPU
	EndGlobalSection
	GlobalSection(ProjectConfigurationPlatforms) = postSolution
		{84AA84EF-6FF5-4266-BA7B-3F21C16B5A5B}.Debug|Any CPU.ActiveCfg = Debug|Any CPU
		{84AA84EF-6FF5-4266-BA7B-3F21C16B5A5B}.Debug|Any CPU.Build.0 = Debug|Any CPU
		{84AA84EF-6FF5-4266-BA7B-3F21C16B5A5B}.Release|Any CPU.ActiveCfg = Release|Any CPU
		{84AA84EF-6FF5-4266-BA7B-3F21C16B5A5B}.Release|Any CPU.Build.0 = Release|Any CPU
		{1ACD447C-9007-4267-B8C7-1E5287A390C1}.Debug|Any CPU.ActiveCfg = Debug|Any CPU
		{1ACD447C-9007-4267-B8C7-1E5287A390C1}.Debug|Any CPU.Build.0 = Debug|Any CPU
		{1ACD447C-9007-4267-B8C7-1E5287A390C1}.Release|Any CPU.ActiveCfg = Release|Any CPU
		{1ACD447C-9007-4267-B8C7-1E5287A390C1}.Release|Any CPU.Build.0 = Release|Any CPU
		{B2D9B431-FD4F-4F06-890A-475F3243F5FF}.Debug|Any CPU.ActiveCfg = Debug|Any CPU
		{B2D9B431-FD4F-4F06-890A-475F3243F5FF}.Debug|Any CPU.Build.0 = Debug|Any CPU
		{B2D9B431-FD4F-4F06-890A-475F3243F5FF}.Release|Any CPU.ActiveCfg = Release|Any CPU
		{B2D9B431-FD4F-4F06-890A-475F3243F5FF}.Release|Any CPU.Build.0 = Release|Any CPU
	EndGlobalSection
	GlobalSection(SolutionProperties) = preSolution
		HideSolutionNode = FALSE
	EndGlobalSection
	GlobalSection(ExtensibilityGlobals) = postSolution
		SolutionGuid = {C358C704-2191-4E15-8610-B2FFD532817D}
	EndGlobalSection
EndGlobal
